
Microsoft Visual Studio Solution File, Format Version 12.00
# Visual Studio Version 17
VisualStudioVersion = 17.9.34622.214
MinimumVisualStudioVersion = 10.0.40219.1
Project("{FAE04EC0-301F-11D3-BF4B-00C04F79EFBC}") = "GetRelease", "GetRelease\GetRelease.csproj", "{770A8EB9-A5B6-4292-9306-8401A4675E33}"
EndProject
Global
	GlobalSection(SolutionConfigurationPlatforms) = preSolution
		Debug|Any CPU = Debug|Any CPU
		Release|Any CPU = Release|Any CPU
	EndGlobalSection
	GlobalSection(ProjectConfigurationPlatforms) = postSolution
		{770A8EB9-A5B6-4292-9306-8401A4675E33}.Debug|Any CPU.ActiveCfg = Debug|Any CPU
		{770A8EB9-A5B6-4292-9306-8401A4675E33}.Debug|Any CPU.Build.0 = Debug|Any CPU
		{770A8EB9-A5B6-4292-9306-8401A4675E33}.Release|Any CPU.ActiveCfg = Release|Any CPU
		{770A8EB9-A5B6-4292-9306-8401A4675E33}.Release|Any CPU.Build.0 = Release|Any CPU
	EndGlobalSection
	GlobalSection(SolutionProperties) = preSolution
		HideSolutionNode = FALSE
	EndGlobalSection
	GlobalSection(ExtensibilityGlobals) = postSolution
		SolutionGuid = {A2D6F021-8AB1-4736-8018-8FD9F650BCCC}
	EndGlobalSection
EndGlobal
